// !$*UTF8*$!
{
	archiveVersion = 1;
	classes = {
	};
	objectVersion = 48;
	objects = {

/* Begin PBXBuildFile section */
		FAE847CE1F4AF15C0025F593 /* AppDelegate.swift in Sources */ = {isa = PBXBuildFile; fileRef = FAE847CD1F4AF15C0025F593 /* AppDelegate.swift */; };
		FAE847D51F4AF15C0025F593 /* Assets.xcassets in Resources */ = {isa = PBXBuildFile; fileRef = FAE847D41F4AF15C0025F593 /* Assets.xcassets */; };
		FAE847D81F4AF15C0025F593 /* LaunchScreen.storyboard in Resources */ = {isa = PBXBuildFile; fileRef = FAE847D61F4AF15C0025F593 /* LaunchScreen.storyboard */; };
		FAE847E01F4AF1BC0025F593 /* TabbarController.swift in Sources */ = {isa = PBXBuildFile; fileRef = FAE847DF1F4AF1BC0025F593 /* TabbarController.swift */; };
		FAE847E21F4AF1D80025F593 /* ViewController1.swift in Sources */ = {isa = PBXBuildFile; fileRef = FAE847E11F4AF1D80025F593 /* ViewController1.swift */; };
		FAE847E41F4AF1F00025F593 /* ViewController2.swift in Sources */ = {isa = PBXBuildFile; fileRef = FAE847E31F4AF1F00025F593 /* ViewController2.swift */; };
		FAE847E61F4AF1FD0025F593 /* ViewController3.swift in Sources */ = {isa = PBXBuildFile; fileRef = FAE847E51F4AF1FD0025F593 /* ViewController3.swift */; };
/* End PBXBuildFile section */

/* Begin PBXFileReference section */
		FAE847CA1F4AF15C0025F593 /* TabbarExample.app */ = {isa = PBXFileReference; explicitFileType = wrapper.application; includeInIndex = 0; path = TabbarExample.app; sourceTree = BUILT_PRODUCTS_DIR; };
		FAE847CD1F4AF15C0025F593 /* AppDelegate.swift */ = {isa = PBXFileReference; lastKnownFileType = sourcecode.swift; path = AppDelegate.swift; sourceTree = "<group>"; };
		FAE847D41F4AF15C0025F593 /* Assets.xcassets */ = {isa = PBXFileReference; lastKnownFileType = folder.assetcatalog; path = Assets.xcassets; sourceTree = "<group>"; };
		FAE847D71F4AF15C0025F593 /* Base */ = {isa = PBXFileReference; lastKnownFileType = file.storyboard; name = Base; path = Base.lproj/LaunchScreen.storyboard; sourceTree = "<group>"; };
		FAE847D91F4AF15C0025F593 /* Info.plist */ = {isa = PBXFileReference; lastKnownFileType = text.plist.xml; path = Info.plist; sourceTree = "<group>"; };
		FAE847DF1F4AF1BC0025F593 /* TabbarController.swift */ = {isa = PBXFileReference; lastKnownFileType = sourcecode.swift; path = TabbarController.swift; sourceTree = "<group>"; };
		FAE847E11F4AF1D80025F593 /* ViewController1.swift */ = {isa = PBXFileReference; lastKnownFileType = sourcecode.swift; path = ViewController1.swift; sourceTree = "<group>"; };
		FAE847E31F4AF1F00025F593 /* ViewController2.swift */ = {isa = PBXFileReference; lastKnownFileType = sourcecode.swift; path = ViewController2.swift; sourceTree = "<group>"; };
		FAE847E51F4AF1FD0025F593 /* ViewController3.swift */ = {isa = PBXFileReference; lastKnownFileType = sourcecode.swift; path = ViewController3.swift; sourceTree = "<group>"; };
/* End PBXFileReference section */

/* Begin PBXFrameworksBuildPhase section */
		FAE847C71F4AF15C0025F593 /* Frameworks */ = {
			isa = PBXFrameworksBuildPhase;
			buildActionMask = 2147483647;
			files = (
			);
			runOnlyForDeploymentPostprocessing = 0;
		};
/* End PBXFrameworksBuildPhase section */

/* Begin PBXGroup section */
		FAE847C11F4AF15C0025F593 = {
			isa = PBXGroup;
			children = (
				FAE847CC1F4AF15C0025F593 /* TabbarExample */,
				FAE847CB1F4AF15C0025F593 /* Products */,
			);
			sourceTree = "<group>";
		};
		FAE847CB1F4AF15C0025F593 /* Products */ = {
			isa = PBXGroup;
			children = (
				FAE847CA1F4AF15C0025F593 /* TabbarExample.app */,
			);
			name = Products;
			sourceTree = "<group>";
		};
		FAE847CC1F4AF15C0025F593 /* TabbarExample */ = {
			isa = PBXGroup;
			children = (
				FAE847CD1F4AF15C0025F593 /* AppDelegate.swift */,
				FAE847DF1F4AF1BC0025F593 /* TabbarController.swift */,
				FAE847E11F4AF1D80025F593 /* ViewController1.swift */,
				FAE847E31F4AF1F00025F593 /* ViewController2.swift */,
				FAE847E51F4AF1FD0025F593 /* ViewController3.swift */,
				FAE847D41F4AF15C0025F593 /* Assets.xcassets */,
				FAE847D61F4AF15C0025F593 /* LaunchScreen.storyboard */,
				FAE847D91F4AF15C0025F593 /* Info.plist */,
			);
			path = TabbarExample;
			sourceTree = "<group>";
		};
/* End PBXGroup section */

/* Begin PBXNativeTarget section */
		FAE847C91F4AF15C0025F593 /* TabbarExample */ = {
			isa = PBXNativeTarget;
			buildConfigurationList = FAE847DC1F4AF15C0025F593 /* Build configuration list for PBXNativeTarget "TabbarExample" */;
			buildPhases = (
				FAE847C61F4AF15C0025F593 /* Sources */,
				FAE847C71F4AF15C0025F593 /* Frameworks */,
				FAE847C81F4AF15C0025F593 /* Resources */,
			);
			buildRules = (
			);
			dependencies = (
			);
			name = TabbarExample;
			productName = TabbarExample;
			productReference = FAE847CA1F4AF15C0025F593 /* TabbarExample.app */;
			productType = "com.apple.product-type.application";
		};
/* End PBXNativeTarget section */

/* Begin PBXProject section */
		FAE847C21F4AF15C0025F593 /* Project object */ = {
			isa = PBXProject;
			attributes = {
				LastSwiftUpdateCheck = 0900;
				LastUpgradeCheck = 0900;
				ORGANIZATIONNAME = "Nguyen Duc Hoang";
				TargetAttributes = {
					FAE847C91F4AF15C0025F593 = {
						CreatedOnToolsVersion = 9.0;
					};
				};
			};
			buildConfigurationList = FAE847C51F4AF15C0025F593 /* Build configuration list for PBXProject "TabbarExample" */;
			compatibilityVersion = "Xcode 8.0";
			developmentRegion = en;
			hasScannedForEncodings = 0;
			knownRegions = (
				en,
				Base,
			);
			mainGroup = FAE847C11F4AF15C0025F593;
			productRefGroup = FAE847CB1F4AF15C0025F593 /* Products */;
			projectDirPath = "";
			projectRoot = "";
			targets = (
				FAE847C91F4AF15C0025F593 /* TabbarExample */,
			);
		};
/* End PBXProject section */

/* Begin PBXResourcesBuildPhase section */
		FAE847C81F4AF15C0025F593 /* Resources */ = {
			isa = PBXResourcesBuildPhase;
			buildActionMask = 2147483647;
			files = (
				FAE847D81F4AF15C0025F593 /* LaunchScreen.storyboard in Resources */,
				FAE847D51F4AF15C0025F593 /* Assets.xcassets in Resources */,
			);
			runOnlyForDeploymentPostprocessing = 0;
		};
/* End PBXResourcesBuildPhase section */

/* Begin PBXSourcesBuildPhase section */
		FAE847C61F4AF15C0025F593 /* Sources */ = {
			isa = PBXSourcesBuildPhase;
			buildActionMask = 2147483647;
			files = (
				FAE847E61F4AF1FD0025F593 /* ViewController3.swift in Sources */,
				FAE847E21F4AF1D80025F593 /* ViewController1.swift in Sources */,
				FAE847E41F4AF1F00025F593 /* ViewController2.swift in Sources */,
				FAE847CE1F4AF15C0025F593 /* AppDelegate.swift in Sources */,
				FAE847E01F4AF1BC0025F593 /* TabbarController.swift in Sources */,
			);
			runOnlyForDeploymentPostprocessing = 0;
		};
/* End PBXSourcesBuildPhase section */

/* Begin PBXVariantGroup section */
		FAE847D61F4AF15C0025F593 /* LaunchScreen.storyboard */ = {
			isa = PBXVariantGroup;
			children = (
				FAE847D71F4AF15C0025F593 /* Base */,
			);
			name = LaunchScreen.storyboard;
			sourceTree = "<group>";
		};
/* End PBXVariantGroup section */

/* Begin XCBuildConfiguration section */
		FAE847DA1F4AF15C0025F593 /* Debug */ = {
			isa = XCBuildConfiguration;
			buildSettings = {
				ALWAYS_SEARCH_USER_PATHS = NO;
				CLANG_ANALYZER_NONNULL = YES;
				CLANG_ANALYZER_NUMBER_OBJECT_CONVERSION = YES_AGGRESSIVE;
				CLANG_CXX_LANGUAGE_STANDARD = "gnu++14";
				CLANG_CXX_LIBRARY = "libc++";
				CLANG_ENABLE_MODULES = YES;
				CLANG_ENABLE_OBJC_ARC = YES;
				CLANG_WARN_BLOCK_CAPTURE_AUTORELEASING = YES;
				CLANG_WARN_BOOL_CONVERSION = YES;
				CLANG_WARN_COMMA = YES;
				CLANG_WARN_CONSTANT_CONVERSION = YES;
				CLANG_WARN_DIRECT_OBJC_ISA_USAGE = YES_ERROR;
				CLANG_WARN_DOCUMENTATION_COMMENTS = YES;
				CLANG_WARN_EMPTY_BODY = YES;
				CLANG_WARN_ENUM_CONVERSION = YES;
				CLANG_WARN_INFINITE_RECURSION = YES;
				CLANG_WARN_INT_CONVERSION = YES;
				CLANG_WARN_NON_LITERAL_NULL_CONVERSION = YES;
				CLANG_WARN_OBJC_LITERAL_CONVERSION = YES;
				CLANG_WARN_OBJC_ROOT_CLASS = YES_ERROR;
				CLANG_WARN_RANGE_LOOP_ANALYSIS = YES;
				CLANG_WARN_STRICT_PROTOTYPES = YES;
				CLANG_WARN_SUSPICIOUS_MOVE = YES;
				CLANG_WARN_UNGUARDED_AVAILABILITY = YES_AGGRESSIVE;
				CLANG_WARN_UNREACHABLE_CODE = YES;
				CLANG_WARN__DUPLICATE_METHOD_MATCH = YES;
				CODE_SIGN_IDENTITY = "iPhone Developer";
				COPY_PHASE_STRIP = NO;
				DEBUG_INFORMATION_FORMAT = dwarf;
				ENABLE_STRICT_OBJC_MSGSEND = YES;
				ENABLE_TESTABILITY = YES;
				GCC_C_LANGUAGE_STANDARD = gnu11;
				GCC_DYNAMIC_NO_PIC = NO;
				GCC_NO_COMMON_BLOCKS = YES;
				GCC_OPTIMIZATION_LEVEL = 0;
				GCC_PREPROCESSOR_DEFINITIONS = (
					"DEBUG=1",
					"$(inherited)",
				);
				GCC_WARN_64_TO_32_BIT_CONVERSION = YES;
				GCC_WARN_ABOUT_RETURN_TYPE = YES_ERROR;
				GCC_WARN_UNDECLARED_SELECTOR = YES;
				GCC_WARN_UNINITIALIZED_AUTOS = YES_AGGRESSIVE;
				GCC_WARN_UNUSED_FUNCTION = YES;
				GCC_WARN_UNUSED_VARIABLE = YES;
				IPHONEOS_DEPLOYMENT_TARGET = 11.0;
				MTL_ENABLE_DEBUG_INFO = YES;
				ONLY_ACTIVE_ARCH = YES;
				SDKROOT = iphoneos;
				SWIFT_ACTIVE_COMPILATION_CONDITIONS = DEBUG;
				SWIFT_OPTIMIZATION_LEVEL = "-Onone";
			};
			name = Debug;
		};
		FAE847DB1F4AF15C0025F593 /* Release */ = {
			isa = XCBuildConfiguration;
			buildSettings = {
				ALWAYS_SEARCH_USER_PATHS = NO;
				CLANG_ANALYZER_NONNULL = YES;
				CLANG_ANALYZER_NUMBER_OBJECT_CONVERSION = YES_AGGRESSIVE;
				CLANG_CXX_LANGUAGE_STANDARD = "gnu++14";
				CLANG_CXX_LIBRARY = "libc++";
				CLANG_ENABLE_MODULES = YES;
				CLANG_ENABLE_OBJC_ARC = YES;
				CLANG_WARN_BLOCK_CAPTURE_AUTORELEASING = YES;
				CLANG_WARN_BOOL_CONVERSION = YES;
				CLANG_WARN_COMMA = YES;
				CLANG_WARN_CONSTANT_CONVERSION = YES;
				CLANG_WARN_DIRECT_OBJC_ISA_USAGE = YES_ERROR;
				CLANG_WARN_DOCUMENTATION_COMMENTS = YES;
				CLANG_WARN_EMPTY_BODY = YES;
				CLANG_WARN_ENUM_CONVERSION = YES;
				CLANG_WARN_INFINITE_RECURSION = YES;
				CLANG_WARN_INT_CONVERSION = YES;
				CLANG_WARN_NON_LITERAL_NULL_CONVERSION = YES;
				CLANG_WARN_OBJC_LITERAL_CONVERSION = YES;
				CLANG_WARN_OBJC_ROOT_CLASS = YES_ERROR;
				CLANG_WARN_RANGE_LOOP_ANALYSIS = YES;
				CLANG_WARN_STRICT_PROTOTYPES = YES;
				CLANG_WARN_SUSPICIOUS_MOVE = YES;
				CLANG_WARN_UNGUARDED_AVAILABILITY = YES_AGGRESSIVE;
				CLANG_WARN_UNREACHABLE_CODE = YES;
				CLANG_WARN__DUPLICATE_METHOD_MATCH = YES;
				CODE_SIGN_IDENTITY = "iPhone Developer";
				COPY_PHASE_STRIP = NO;
				DEBUG_INFORMATION_FORMAT = "dwarf-with-dsym";
				ENABLE_NS_ASSERTIONS = NO;
				ENABLE_STRICT_OBJC_MSGSEND = YES;
				GCC_C_LANGUAGE_STANDARD = gnu11;
				GCC_NO_COMMON_BLOCKS = YES;
				GCC_WARN_64_TO_32_BIT_CONVERSION = YES;
				GCC_WARN_ABOUT_RETURN_TYPE = YES_ERROR;
				GCC_WARN_UNDECLARED_SELECTOR = YES;
				GCC_WARN_UNINITIALIZED_AUTOS = YES_AGGRESSIVE;
				GCC_WARN_UNUSED_FUNCTION = YES;
				GCC_WARN_UNUSED_VARIABLE = YES;
				IPHONEOS_DEPLOYMENT_TARGET = 11.0;
				MTL_ENABLE_DEBUG_INFO = NO;
				SDKROOT = iphoneos;
				SWIFT_OPTIMIZATION_LEVEL = "-Owholemodule";
				VALIDATE_PRODUCT = YES;
			};
			name = Release;
		};
		FAE847DD1F4AF15C0025F593 /* Debug */ = {
			isa = XCBuildConfiguration;
			buildSettings = {
				ASSETCATALOG_COMPILER_APPICON_NAME = AppIcon;
				DEVELOPMENT_TEAM = JD5VUV7783;
				INFOPLIST_FILE = TabbarExample/Info.plist;
				LD_RUNPATH_SEARCH_PATHS = "$(inherited) @executable_path/Frameworks";
				PRODUCT_BUNDLE_IDENTIFIER = com.sunlight4d.SwiftTutorial.TabbarExample;
				PRODUCT_NAME = "$(TARGET_NAME)";
				SWIFT_VERSION = 4.0;
				TARGETED_DEVICE_FAMILY = "1,2";
			};
			name = Debug;
		};
		FAE847DE1F4AF15C0025F593 /* Release */ = {
			isa = XCBuildConfiguration;
			buildSettings = {
				ASSETCATALOG_COMPILER_APPICON_NAME = AppIcon;
				DEVELOPMENT_TEAM = JD5VUV7783;
				INFOPLIST_FILE = TabbarExample/Info.plist;
				LD_RUNPATH_SEARCH_PATHS = "$(inherited) @executable_path/Frameworks";
				PRODUCT_BUNDLE_IDENTIFIER = com.sunlight4d.SwiftTutorial.TabbarExample;
				PRODUCT_NAME = "$(TARGET_NAME)";
				SWIFT_VERSION = 4.0;
				TARGETED_DEVICE_FAMILY = "1,2";
			};
			name = Release;
		};
/* End XCBuildConfiguration section */

/* Begin XCConfigurationList section */
		FAE847C51F4AF15C0025F593 /* Build configuration list for PBXProject "TabbarExample" */ = {
			isa = XCConfigurationList;
			buildConfigurations = (
				FAE847DA1F4AF15C0025F593 /* Debug */,
				FAE847DB1F4AF15C0025F593 /* Release */,
			);
			defaultConfigurationIsVisible = 0;
			defaultConfigurationName = Release;
		};
		FAE847DC1F4AF15C0025F593 /* Build configuration list for PBXNativeTarget "TabbarExample" */ = {
			isa = XCConfigurationList;
			buildConfigurations = (
				FAE847DD1F4AF15C0025F593 /* Debug */,
				FAE847DE1F4AF15C0025F593 /* Release */,
			);
			defaultConfigurationIsVisible = 0;
			defaultConfigurationName = Release;
		};
/* End XCConfigurationList section */
	};
	rootObject = FAE847C21F4AF15C0025F593 /* Project object */;
}
