// !$*UTF8*$!
{
	archiveVersion = 1;
	classes = {
	};
	objectVersion = 48;
	objects = {

/* Begin PBXBuildFile section */
		FAC0FD5D1F4A7DA4000D9A42 /* AppDelegate.swift in Sources */ = {isa = PBXBuildFile; fileRef = FAC0FD5C1F4A7DA4000D9A42 /* AppDelegate.swift */; };
		FAC0FD5F1F4A7DA4000D9A42 /* ViewController.swift in Sources */ = {isa = PBXBuildFile; fileRef = FAC0FD5E1F4A7DA4000D9A42 /* ViewController.swift */; };
		FAC0FD621F4A7DA4000D9A42 /* Main.storyboard in Resources */ = {isa = PBXBuildFile; fileRef = FAC0FD601F4A7DA4000D9A42 /* Main.storyboard */; };
		FAC0FD641F4A7DA4000D9A42 /* Assets.xcassets in Resources */ = {isa = PBXBuildFile; fileRef = FAC0FD631F4A7DA4000D9A42 /* Assets.xcassets */; };
		FAC0FD671F4A7DA4000D9A42 /* LaunchScreen.storyboard in Resources */ = {isa = PBXBuildFile; fileRef = FAC0FD651F4A7DA4000D9A42 /* LaunchScreen.storyboard */; };
/* End PBXBuildFile section */

/* Begin PBXFileReference section */
		FAC0FD591F4A7DA4000D9A42 /* PickerViewExample.app */ = {isa = PBXFileReference; explicitFileType = wrapper.application; includeInIndex = 0; path = PickerViewExample.app; sourceTree = BUILT_PRODUCTS_DIR; };
		FAC0FD5C1F4A7DA4000D9A42 /* AppDelegate.swift */ = {isa = PBXFileReference; lastKnownFileType = sourcecode.swift; path = AppDelegate.swift; sourceTree = "<group>"; };
		FAC0FD5E1F4A7DA4000D9A42 /* ViewController.swift */ = {isa = PBXFileReference; lastKnownFileType = sourcecode.swift; path = ViewController.swift; sourceTree = "<group>"; };
		FAC0FD611F4A7DA4000D9A42 /* Base */ = {isa = PBXFileReference; lastKnownFileType = file.storyboard; name = Base; path = Base.lproj/Main.storyboard; sourceTree = "<group>"; };
		FAC0FD631F4A7DA4000D9A42 /* Assets.xcassets */ = {isa = PBXFileReference; lastKnownFileType = folder.assetcatalog; path = Assets.xcassets; sourceTree = "<group>"; };
		FAC0FD661F4A7DA4000D9A42 /* Base */ = {isa = PBXFileReference; lastKnownFileType = file.storyboard; name = Base; path = Base.lproj/LaunchScreen.storyboard; sourceTree = "<group>"; };
		FAC0FD681F4A7DA4000D9A42 /* Info.plist */ = {isa = PBXFileReference; lastKnownFileType = text.plist.xml; path = Info.plist; sourceTree = "<group>"; };
/* End PBXFileReference section */

/* Begin PBXFrameworksBuildPhase section */
		FAC0FD561F4A7DA4000D9A42 /* Frameworks */ = {
			isa = PBXFrameworksBuildPhase;
			buildActionMask = 2147483647;
			files = (
			);
			runOnlyForDeploymentPostprocessing = 0;
		};
/* End PBXFrameworksBuildPhase section */

/* Begin PBXGroup section */
		FAC0FD501F4A7DA4000D9A42 = {
			isa = PBXGroup;
			children = (
				FAC0FD5B1F4A7DA4000D9A42 /* PickerViewExample */,
				FAC0FD5A1F4A7DA4000D9A42 /* Products */,
			);
			sourceTree = "<group>";
		};
		FAC0FD5A1F4A7DA4000D9A42 /* Products */ = {
			isa = PBXGroup;
			children = (
				FAC0FD591F4A7DA4000D9A42 /* PickerViewExample.app */,
			);
			name = Products;
			sourceTree = "<group>";
		};
		FAC0FD5B1F4A7DA4000D9A42 /* PickerViewExample */ = {
			isa = PBXGroup;
			children = (
				FAC0FD5C1F4A7DA4000D9A42 /* AppDelegate.swift */,
				FAC0FD5E1F4A7DA4000D9A42 /* ViewController.swift */,
				FAC0FD601F4A7DA4000D9A42 /* Main.storyboard */,
				FAC0FD631F4A7DA4000D9A42 /* Assets.xcassets */,
				FAC0FD651F4A7DA4000D9A42 /* LaunchScreen.storyboard */,
				FAC0FD681F4A7DA4000D9A42 /* Info.plist */,
			);
			path = PickerViewExample;
			sourceTree = "<group>";
		};
/* End PBXGroup section */

/* Begin PBXNativeTarget section */
		FAC0FD581F4A7DA4000D9A42 /* PickerViewExample */ = {
			isa = PBXNativeTarget;
			buildConfigurationList = FAC0FD6B1F4A7DA4000D9A42 /* Build configuration list for PBXNativeTarget "PickerViewExample" */;
			buildPhases = (
				FAC0FD551F4A7DA4000D9A42 /* Sources */,
				FAC0FD561F4A7DA4000D9A42 /* Frameworks */,
				FAC0FD571F4A7DA4000D9A42 /* Resources */,
			);
			buildRules = (
			);
			dependencies = (
			);
			name = PickerViewExample;
			productName = PickerViewExample;
			productReference = FAC0FD591F4A7DA4000D9A42 /* PickerViewExample.app */;
			productType = "com.apple.product-type.application";
		};
/* End PBXNativeTarget section */

/* Begin PBXProject section */
		FAC0FD511F4A7DA4000D9A42 /* Project object */ = {
			isa = PBXProject;
			attributes = {
				LastSwiftUpdateCheck = 0900;
				LastUpgradeCheck = 0900;
				ORGANIZATIONNAME = "Nguyen Duc Hoang";
				TargetAttributes = {
					FAC0FD581F4A7DA4000D9A42 = {
						CreatedOnToolsVersion = 9.0;
					};
				};
			};
			buildConfigurationList = FAC0FD541F4A7DA4000D9A42 /* Build configuration list for PBXProject "PickerViewExample" */;
			compatibilityVersion = "Xcode 8.0";
			developmentRegion = en;
			hasScannedForEncodings = 0;
			knownRegions = (
				en,
				Base,
			);
			mainGroup = FAC0FD501F4A7DA4000D9A42;
			productRefGroup = FAC0FD5A1F4A7DA4000D9A42 /* Products */;
			projectDirPath = "";
			projectRoot = "";
			targets = (
				FAC0FD581F4A7DA4000D9A42 /* PickerViewExample */,
			);
		};
/* End PBXProject section */

/* Begin PBXResourcesBuildPhase section */
		FAC0FD571F4A7DA4000D9A42 /* Resources */ = {
			isa = PBXResourcesBuildPhase;
			buildActionMask = 2147483647;
			files = (
				FAC0FD671F4A7DA4000D9A42 /* LaunchScreen.storyboard in Resources */,
				FAC0FD641F4A7DA4000D9A42 /* Assets.xcassets in Resources */,
				FAC0FD621F4A7DA4000D9A42 /* Main.storyboard in Resources */,
			);
			runOnlyForDeploymentPostprocessing = 0;
		};
/* End PBXResourcesBuildPhase section */

/* Begin PBXSourcesBuildPhase section */
		FAC0FD551F4A7DA4000D9A42 /* Sources */ = {
			isa = PBXSourcesBuildPhase;
			buildActionMask = 2147483647;
			files = (
				FAC0FD5F1F4A7DA4000D9A42 /* ViewController.swift in Sources */,
				FAC0FD5D1F4A7DA4000D9A42 /* AppDelegate.swift in Sources */,
			);
			runOnlyForDeploymentPostprocessing = 0;
		};
/* End PBXSourcesBuildPhase section */

/* Begin PBXVariantGroup section */
		FAC0FD601F4A7DA4000D9A42 /* Main.storyboard */ = {
			isa = PBXVariantGroup;
			children = (
				FAC0FD611F4A7DA4000D9A42 /* Base */,
			);
			name = Main.storyboard;
			sourceTree = "<group>";
		};
		FAC0FD651F4A7DA4000D9A42 /* LaunchScreen.storyboard */ = {
			isa = PBXVariantGroup;
			children = (
				FAC0FD661F4A7DA4000D9A42 /* Base */,
			);
			name = LaunchScreen.storyboard;
			sourceTree = "<group>";
		};
/* End PBXVariantGroup section */

/* Begin XCBuildConfiguration section */
		FAC0FD691F4A7DA4000D9A42 /* Debug */ = {
			isa = XCBuildConfiguration;
			buildSettings = {
				ALWAYS_SEARCH_USER_PATHS = NO;
				CLANG_ANALYZER_NONNULL = YES;
				CLANG_ANALYZER_NUMBER_OBJECT_CONVERSION = YES_AGGRESSIVE;
				CLANG_CXX_LANGUAGE_STANDARD = "gnu++14";
				CLANG_CXX_LIBRARY = "libc++";
				CLANG_ENABLE_MODULES = YES;
				CLANG_ENABLE_OBJC_ARC = YES;
				CLANG_WARN_BLOCK_CAPTURE_AUTORELEASING = YES;
				CLANG_WARN_BOOL_CONVERSION = YES;
				CLANG_WARN_COMMA = YES;
				CLANG_WARN_CONSTANT_CONVERSION = YES;
				CLANG_WARN_DIRECT_OBJC_ISA_USAGE = YES_ERROR;
				CLANG_WARN_DOCUMENTATION_COMMENTS = YES;
				CLANG_WARN_EMPTY_BODY = YES;
				CLANG_WARN_ENUM_CONVERSION = YES;
				CLANG_WARN_INFINITE_RECURSION = YES;
				CLANG_WARN_INT_CONVERSION = YES;
				CLANG_WARN_NON_LITERAL_NULL_CONVERSION = YES;
				CLANG_WARN_OBJC_LITERAL_CONVERSION = YES;
				CLANG_WARN_OBJC_ROOT_CLASS = YES_ERROR;
				CLANG_WARN_RANGE_LOOP_ANALYSIS = YES;
				CLANG_WARN_STRICT_PROTOTYPES = YES;
				CLANG_WARN_SUSPICIOUS_MOVE = YES;
				CLANG_WARN_UNGUARDED_AVAILABILITY = YES_AGGRESSIVE;
				CLANG_WARN_UNREACHABLE_CODE = YES;
				CLANG_WARN__DUPLICATE_METHOD_MATCH = YES;
				CODE_SIGN_IDENTITY = "iPhone Developer";
				COPY_PHASE_STRIP = NO;
				DEBUG_INFORMATION_FORMAT = dwarf;
				ENABLE_STRICT_OBJC_MSGSEND = YES;
				ENABLE_TESTABILITY = YES;
				GCC_C_LANGUAGE_STANDARD = gnu11;
				GCC_DYNAMIC_NO_PIC = NO;
				GCC_NO_COMMON_BLOCKS = YES;
				GCC_OPTIMIZATION_LEVEL = 0;
				GCC_PREPROCESSOR_DEFINITIONS = (
					"DEBUG=1",
					"$(inherited)",
				);
				GCC_WARN_64_TO_32_BIT_CONVERSION = YES;
				GCC_WARN_ABOUT_RETURN_TYPE = YES_ERROR;
				GCC_WARN_UNDECLARED_SELECTOR = YES;
				GCC_WARN_UNINITIALIZED_AUTOS = YES_AGGRESSIVE;
				GCC_WARN_UNUSED_FUNCTION = YES;
				GCC_WARN_UNUSED_VARIABLE = YES;
				IPHONEOS_DEPLOYMENT_TARGET = 11.0;
				MTL_ENABLE_DEBUG_INFO = YES;
				ONLY_ACTIVE_ARCH = YES;
				SDKROOT = iphoneos;
				SWIFT_ACTIVE_COMPILATION_CONDITIONS = DEBUG;
				SWIFT_OPTIMIZATION_LEVEL = "-Onone";
			};
			name = Debug;
		};
		FAC0FD6A1F4A7DA4000D9A42 /* Release */ = {
			isa = XCBuildConfiguration;
			buildSettings = {
				ALWAYS_SEARCH_USER_PATHS = NO;
				CLANG_ANALYZER_NONNULL = YES;
				CLANG_ANALYZER_NUMBER_OBJECT_CONVERSION = YES_AGGRESSIVE;
				CLANG_CXX_LANGUAGE_STANDARD = "gnu++14";
				CLANG_CXX_LIBRARY = "libc++";
				CLANG_ENABLE_MODULES = YES;
				CLANG_ENABLE_OBJC_ARC = YES;
				CLANG_WARN_BLOCK_CAPTURE_AUTORELEASING = YES;
				CLANG_WARN_BOOL_CONVERSION = YES;
				CLANG_WARN_COMMA = YES;
				CLANG_WARN_CONSTANT_CONVERSION = YES;
				CLANG_WARN_DIRECT_OBJC_ISA_USAGE = YES_ERROR;
				CLANG_WARN_DOCUMENTATION_COMMENTS = YES;
				CLANG_WARN_EMPTY_BODY = YES;
				CLANG_WARN_ENUM_CONVERSION = YES;
				CLANG_WARN_INFINITE_RECURSION = YES;
				CLANG_WARN_INT_CONVERSION = YES;
				CLANG_WARN_NON_LITERAL_NULL_CONVERSION = YES;
				CLANG_WARN_OBJC_LITERAL_CONVERSION = YES;
				CLANG_WARN_OBJC_ROOT_CLASS = YES_ERROR;
				CLANG_WARN_RANGE_LOOP_ANALYSIS = YES;
				CLANG_WARN_STRICT_PROTOTYPES = YES;
				CLANG_WARN_SUSPICIOUS_MOVE = YES;
				CLANG_WARN_UNGUARDED_AVAILABILITY = YES_AGGRESSIVE;
				CLANG_WARN_UNREACHABLE_CODE = YES;
				CLANG_WARN__DUPLICATE_METHOD_MATCH = YES;
				CODE_SIGN_IDENTITY = "iPhone Developer";
				COPY_PHASE_STRIP = NO;
				DEBUG_INFORMATION_FORMAT = "dwarf-with-dsym";
				ENABLE_NS_ASSERTIONS = NO;
				ENABLE_STRICT_OBJC_MSGSEND = YES;
				GCC_C_LANGUAGE_STANDARD = gnu11;
				GCC_NO_COMMON_BLOCKS = YES;
				GCC_WARN_64_TO_32_BIT_CONVERSION = YES;
				GCC_WARN_ABOUT_RETURN_TYPE = YES_ERROR;
				GCC_WARN_UNDECLARED_SELECTOR = YES;
				GCC_WARN_UNINITIALIZED_AUTOS = YES_AGGRESSIVE;
				GCC_WARN_UNUSED_FUNCTION = YES;
				GCC_WARN_UNUSED_VARIABLE = YES;
				IPHONEOS_DEPLOYMENT_TARGET = 11.0;
				MTL_ENABLE_DEBUG_INFO = NO;
				SDKROOT = iphoneos;
				SWIFT_OPTIMIZATION_LEVEL = "-Owholemodule";
				VALIDATE_PRODUCT = YES;
			};
			name = Release;
		};
		FAC0FD6C1F4A7DA4000D9A42 /* Debug */ = {
			isa = XCBuildConfiguration;
			buildSettings = {
				ASSETCATALOG_COMPILER_APPICON_NAME = AppIcon;
				DEVELOPMENT_TEAM = JD5VUV7783;
				INFOPLIST_FILE = PickerViewExample/Info.plist;
				LD_RUNPATH_SEARCH_PATHS = "$(inherited) @executable_path/Frameworks";
				PRODUCT_BUNDLE_IDENTIFIER = com.sunlight4d.SwiftTutorial.PickerViewExample;
				PRODUCT_NAME = "$(TARGET_NAME)";
				SWIFT_VERSION = 4.0;
				TARGETED_DEVICE_FAMILY = "1,2";
			};
			name = Debug;
		};
		FAC0FD6D1F4A7DA4000D9A42 /* Release */ = {
			isa = XCBuildConfiguration;
			buildSettings = {
				ASSETCATALOG_COMPILER_APPICON_NAME = AppIcon;
				DEVELOPMENT_TEAM = JD5VUV7783;
				INFOPLIST_FILE = PickerViewExample/Info.plist;
				LD_RUNPATH_SEARCH_PATHS = "$(inherited) @executable_path/Frameworks";
				PRODUCT_BUNDLE_IDENTIFIER = com.sunlight4d.SwiftTutorial.PickerViewExample;
				PRODUCT_NAME = "$(TARGET_NAME)";
				SWIFT_VERSION = 4.0;
				TARGETED_DEVICE_FAMILY = "1,2";
			};
			name = Release;
		};
/* End XCBuildConfiguration section */

/* Begin XCConfigurationList section */
		FAC0FD541F4A7DA4000D9A42 /* Build configuration list for PBXProject "PickerViewExample" */ = {
			isa = XCConfigurationList;
			buildConfigurations = (
				FAC0FD691F4A7DA4000D9A42 /* Debug */,
				FAC0FD6A1F4A7DA4000D9A42 /* Release */,
			);
			defaultConfigurationIsVisible = 0;
			defaultConfigurationName = Release;
		};
		FAC0FD6B1F4A7DA4000D9A42 /* Build configuration list for PBXNativeTarget "PickerViewExample" */ = {
			isa = XCConfigurationList;
			buildConfigurations = (
				FAC0FD6C1F4A7DA4000D9A42 /* Debug */,
				FAC0FD6D1F4A7DA4000D9A42 /* Release */,
			);
			defaultConfigurationIsVisible = 0;
			defaultConfigurationName = Release;
		};
/* End XCConfigurationList section */
	};
	rootObject = FAC0FD511F4A7DA4000D9A42 /* Project object */;
}
