// !$*UTF8*$!
{
	archiveVersion = 1;
	classes = {
	};
	objectVersion = 48;
	objects = {

/* Begin PBXBuildFile section */
		FABF52E21F45D112006964FC /* AppDelegate.swift in Sources */ = {isa = PBXBuildFile; fileRef = FABF52E11F45D112006964FC /* AppDelegate.swift */; };
		FABF52E71F45D112006964FC /* Main.storyboard in Resources */ = {isa = PBXBuildFile; fileRef = FABF52E51F45D112006964FC /* Main.storyboard */; };
		FABF52E91F45D112006964FC /* Assets.xcassets in Resources */ = {isa = PBXBuildFile; fileRef = FABF52E81F45D112006964FC /* Assets.xcassets */; };
		FABF52EC1F45D112006964FC /* LaunchScreen.storyboard in Resources */ = {isa = PBXBuildFile; fileRef = FABF52EA1F45D112006964FC /* LaunchScreen.storyboard */; };
		FABF52F41F45D145006964FC /* MainViewController.swift in Sources */ = {isa = PBXBuildFile; fileRef = FABF52F31F45D145006964FC /* MainViewController.swift */; };
/* End PBXBuildFile section */

/* Begin PBXFileReference section */
		FABF52DE1F45D112006964FC /* AlertControllerExample.app */ = {isa = PBXFileReference; explicitFileType = wrapper.application; includeInIndex = 0; path = AlertControllerExample.app; sourceTree = BUILT_PRODUCTS_DIR; };
		FABF52E11F45D112006964FC /* AppDelegate.swift */ = {isa = PBXFileReference; lastKnownFileType = sourcecode.swift; path = AppDelegate.swift; sourceTree = "<group>"; };
		FABF52E61F45D112006964FC /* Base */ = {isa = PBXFileReference; lastKnownFileType = file.storyboard; name = Base; path = Base.lproj/Main.storyboard; sourceTree = "<group>"; };
		FABF52E81F45D112006964FC /* Assets.xcassets */ = {isa = PBXFileReference; lastKnownFileType = folder.assetcatalog; path = Assets.xcassets; sourceTree = "<group>"; };
		FABF52EB1F45D112006964FC /* Base */ = {isa = PBXFileReference; lastKnownFileType = file.storyboard; name = Base; path = Base.lproj/LaunchScreen.storyboard; sourceTree = "<group>"; };
		FABF52ED1F45D112006964FC /* Info.plist */ = {isa = PBXFileReference; lastKnownFileType = text.plist.xml; path = Info.plist; sourceTree = "<group>"; };
		FABF52F31F45D145006964FC /* MainViewController.swift */ = {isa = PBXFileReference; lastKnownFileType = sourcecode.swift; path = MainViewController.swift; sourceTree = "<group>"; };
/* End PBXFileReference section */

/* Begin PBXFrameworksBuildPhase section */
		FABF52DB1F45D112006964FC /* Frameworks */ = {
			isa = PBXFrameworksBuildPhase;
			buildActionMask = 2147483647;
			files = (
			);
			runOnlyForDeploymentPostprocessing = 0;
		};
/* End PBXFrameworksBuildPhase section */

/* Begin PBXGroup section */
		FABF52D51F45D112006964FC = {
			isa = PBXGroup;
			children = (
				FABF52E01F45D112006964FC /* AlertControllerExample */,
				FABF52DF1F45D112006964FC /* Products */,
			);
			sourceTree = "<group>";
		};
		FABF52DF1F45D112006964FC /* Products */ = {
			isa = PBXGroup;
			children = (
				FABF52DE1F45D112006964FC /* AlertControllerExample.app */,
			);
			name = Products;
			sourceTree = "<group>";
		};
		FABF52E01F45D112006964FC /* AlertControllerExample */ = {
			isa = PBXGroup;
			children = (
				FABF52E11F45D112006964FC /* AppDelegate.swift */,
				FABF52F31F45D145006964FC /* MainViewController.swift */,
				FABF52E51F45D112006964FC /* Main.storyboard */,
				FABF52E81F45D112006964FC /* Assets.xcassets */,
				FABF52EA1F45D112006964FC /* LaunchScreen.storyboard */,
				FABF52ED1F45D112006964FC /* Info.plist */,
			);
			path = AlertControllerExample;
			sourceTree = "<group>";
		};
/* End PBXGroup section */

/* Begin PBXNativeTarget section */
		FABF52DD1F45D112006964FC /* AlertControllerExample */ = {
			isa = PBXNativeTarget;
			buildConfigurationList = FABF52F01F45D112006964FC /* Build configuration list for PBXNativeTarget "AlertControllerExample" */;
			buildPhases = (
				FABF52DA1F45D112006964FC /* Sources */,
				FABF52DB1F45D112006964FC /* Frameworks */,
				FABF52DC1F45D112006964FC /* Resources */,
			);
			buildRules = (
			);
			dependencies = (
			);
			name = AlertControllerExample;
			productName = AlertControllerExample;
			productReference = FABF52DE1F45D112006964FC /* AlertControllerExample.app */;
			productType = "com.apple.product-type.application";
		};
/* End PBXNativeTarget section */

/* Begin PBXProject section */
		FABF52D61F45D112006964FC /* Project object */ = {
			isa = PBXProject;
			attributes = {
				LastSwiftUpdateCheck = 0900;
				LastUpgradeCheck = 0900;
				ORGANIZATIONNAME = "Nguyen Duc Hoang";
				TargetAttributes = {
					FABF52DD1F45D112006964FC = {
						CreatedOnToolsVersion = 9.0;
					};
				};
			};
			buildConfigurationList = FABF52D91F45D112006964FC /* Build configuration list for PBXProject "AlertControllerExample" */;
			compatibilityVersion = "Xcode 8.0";
			developmentRegion = en;
			hasScannedForEncodings = 0;
			knownRegions = (
				en,
				Base,
			);
			mainGroup = FABF52D51F45D112006964FC;
			productRefGroup = FABF52DF1F45D112006964FC /* Products */;
			projectDirPath = "";
			projectRoot = "";
			targets = (
				FABF52DD1F45D112006964FC /* AlertControllerExample */,
			);
		};
/* End PBXProject section */

/* Begin PBXResourcesBuildPhase section */
		FABF52DC1F45D112006964FC /* Resources */ = {
			isa = PBXResourcesBuildPhase;
			buildActionMask = 2147483647;
			files = (
				FABF52EC1F45D112006964FC /* LaunchScreen.storyboard in Resources */,
				FABF52E91F45D112006964FC /* Assets.xcassets in Resources */,
				FABF52E71F45D112006964FC /* Main.storyboard in Resources */,
			);
			runOnlyForDeploymentPostprocessing = 0;
		};
/* End PBXResourcesBuildPhase section */

/* Begin PBXSourcesBuildPhase section */
		FABF52DA1F45D112006964FC /* Sources */ = {
			isa = PBXSourcesBuildPhase;
			buildActionMask = 2147483647;
			files = (
				FABF52E21F45D112006964FC /* AppDelegate.swift in Sources */,
				FABF52F41F45D145006964FC /* MainViewController.swift in Sources */,
			);
			runOnlyForDeploymentPostprocessing = 0;
		};
/* End PBXSourcesBuildPhase section */

/* Begin PBXVariantGroup section */
		FABF52E51F45D112006964FC /* Main.storyboard */ = {
			isa = PBXVariantGroup;
			children = (
				FABF52E61F45D112006964FC /* Base */,
			);
			name = Main.storyboard;
			sourceTree = "<group>";
		};
		FABF52EA1F45D112006964FC /* LaunchScreen.storyboard */ = {
			isa = PBXVariantGroup;
			children = (
				FABF52EB1F45D112006964FC /* Base */,
			);
			name = LaunchScreen.storyboard;
			sourceTree = "<group>";
		};
/* End PBXVariantGroup section */

/* Begin XCBuildConfiguration section */
		FABF52EE1F45D112006964FC /* Debug */ = {
			isa = XCBuildConfiguration;
			buildSettings = {
				ALWAYS_SEARCH_USER_PATHS = NO;
				CLANG_ANALYZER_NONNULL = YES;
				CLANG_ANALYZER_NUMBER_OBJECT_CONVERSION = YES_AGGRESSIVE;
				CLANG_CXX_LANGUAGE_STANDARD = "gnu++14";
				CLANG_CXX_LIBRARY = "libc++";
				CLANG_ENABLE_MODULES = YES;
				CLANG_ENABLE_OBJC_ARC = YES;
				CLANG_WARN_BLOCK_CAPTURE_AUTORELEASING = YES;
				CLANG_WARN_BOOL_CONVERSION = YES;
				CLANG_WARN_COMMA = YES;
				CLANG_WARN_CONSTANT_CONVERSION = YES;
				CLANG_WARN_DIRECT_OBJC_ISA_USAGE = YES_ERROR;
				CLANG_WARN_DOCUMENTATION_COMMENTS = YES;
				CLANG_WARN_EMPTY_BODY = YES;
				CLANG_WARN_ENUM_CONVERSION = YES;
				CLANG_WARN_INFINITE_RECURSION = YES;
				CLANG_WARN_INT_CONVERSION = YES;
				CLANG_WARN_NON_LITERAL_NULL_CONVERSION = YES;
				CLANG_WARN_OBJC_LITERAL_CONVERSION = YES;
				CLANG_WARN_OBJC_ROOT_CLASS = YES_ERROR;
				CLANG_WARN_RANGE_LOOP_ANALYSIS = YES;
				CLANG_WARN_STRICT_PROTOTYPES = YES;
				CLANG_WARN_SUSPICIOUS_MOVE = YES;
				CLANG_WARN_UNGUARDED_AVAILABILITY = YES_AGGRESSIVE;
				CLANG_WARN_UNREACHABLE_CODE = YES;
				CLANG_WARN__DUPLICATE_METHOD_MATCH = YES;
				CODE_SIGN_IDENTITY = "iPhone Developer";
				COPY_PHASE_STRIP = NO;
				DEBUG_INFORMATION_FORMAT = dwarf;
				ENABLE_STRICT_OBJC_MSGSEND = YES;
				ENABLE_TESTABILITY = YES;
				GCC_C_LANGUAGE_STANDARD = gnu11;
				GCC_DYNAMIC_NO_PIC = NO;
				GCC_NO_COMMON_BLOCKS = YES;
				GCC_OPTIMIZATION_LEVEL = 0;
				GCC_PREPROCESSOR_DEFINITIONS = (
					"DEBUG=1",
					"$(inherited)",
				);
				GCC_WARN_64_TO_32_BIT_CONVERSION = YES;
				GCC_WARN_ABOUT_RETURN_TYPE = YES_ERROR;
				GCC_WARN_UNDECLARED_SELECTOR = YES;
				GCC_WARN_UNINITIALIZED_AUTOS = YES_AGGRESSIVE;
				GCC_WARN_UNUSED_FUNCTION = YES;
				GCC_WARN_UNUSED_VARIABLE = YES;
				IPHONEOS_DEPLOYMENT_TARGET = 11.0;
				MTL_ENABLE_DEBUG_INFO = YES;
				ONLY_ACTIVE_ARCH = YES;
				SDKROOT = iphoneos;
				SWIFT_ACTIVE_COMPILATION_CONDITIONS = DEBUG;
				SWIFT_OPTIMIZATION_LEVEL = "-Onone";
			};
			name = Debug;
		};
		FABF52EF1F45D112006964FC /* Release */ = {
			isa = XCBuildConfiguration;
			buildSettings = {
				ALWAYS_SEARCH_USER_PATHS = NO;
				CLANG_ANALYZER_NONNULL = YES;
				CLANG_ANALYZER_NUMBER_OBJECT_CONVERSION = YES_AGGRESSIVE;
				CLANG_CXX_LANGUAGE_STANDARD = "gnu++14";
				CLANG_CXX_LIBRARY = "libc++";
				CLANG_ENABLE_MODULES = YES;
				CLANG_ENABLE_OBJC_ARC = YES;
				CLANG_WARN_BLOCK_CAPTURE_AUTORELEASING = YES;
				CLANG_WARN_BOOL_CONVERSION = YES;
				CLANG_WARN_COMMA = YES;
				CLANG_WARN_CONSTANT_CONVERSION = YES;
				CLANG_WARN_DIRECT_OBJC_ISA_USAGE = YES_ERROR;
				CLANG_WARN_DOCUMENTATION_COMMENTS = YES;
				CLANG_WARN_EMPTY_BODY = YES;
				CLANG_WARN_ENUM_CONVERSION = YES;
				CLANG_WARN_INFINITE_RECURSION = YES;
				CLANG_WARN_INT_CONVERSION = YES;
				CLANG_WARN_NON_LITERAL_NULL_CONVERSION = YES;
				CLANG_WARN_OBJC_LITERAL_CONVERSION = YES;
				CLANG_WARN_OBJC_ROOT_CLASS = YES_ERROR;
				CLANG_WARN_RANGE_LOOP_ANALYSIS = YES;
				CLANG_WARN_STRICT_PROTOTYPES = YES;
				CLANG_WARN_SUSPICIOUS_MOVE = YES;
				CLANG_WARN_UNGUARDED_AVAILABILITY = YES_AGGRESSIVE;
				CLANG_WARN_UNREACHABLE_CODE = YES;
				CLANG_WARN__DUPLICATE_METHOD_MATCH = YES;
				CODE_SIGN_IDENTITY = "iPhone Developer";
				COPY_PHASE_STRIP = NO;
				DEBUG_INFORMATION_FORMAT = "dwarf-with-dsym";
				ENABLE_NS_ASSERTIONS = NO;
				ENABLE_STRICT_OBJC_MSGSEND = YES;
				GCC_C_LANGUAGE_STANDARD = gnu11;
				GCC_NO_COMMON_BLOCKS = YES;
				GCC_WARN_64_TO_32_BIT_CONVERSION = YES;
				GCC_WARN_ABOUT_RETURN_TYPE = YES_ERROR;
				GCC_WARN_UNDECLARED_SELECTOR = YES;
				GCC_WARN_UNINITIALIZED_AUTOS = YES_AGGRESSIVE;
				GCC_WARN_UNUSED_FUNCTION = YES;
				GCC_WARN_UNUSED_VARIABLE = YES;
				IPHONEOS_DEPLOYMENT_TARGET = 11.0;
				MTL_ENABLE_DEBUG_INFO = NO;
				SDKROOT = iphoneos;
				SWIFT_OPTIMIZATION_LEVEL = "-Owholemodule";
				VALIDATE_PRODUCT = YES;
			};
			name = Release;
		};
		FABF52F11F45D112006964FC /* Debug */ = {
			isa = XCBuildConfiguration;
			buildSettings = {
				ASSETCATALOG_COMPILER_APPICON_NAME = AppIcon;
				DEVELOPMENT_TEAM = JD5VUV7783;
				INFOPLIST_FILE = AlertControllerExample/Info.plist;
				LD_RUNPATH_SEARCH_PATHS = "$(inherited) @executable_path/Frameworks";
				PRODUCT_BUNDLE_IDENTIFIER = com.sunlight4d.SwiftTutorial.AlertControllerExample;
				PRODUCT_NAME = "$(TARGET_NAME)";
				SWIFT_VERSION = 4.0;
				TARGETED_DEVICE_FAMILY = "1,2";
			};
			name = Debug;
		};
		FABF52F21F45D112006964FC /* Release */ = {
			isa = XCBuildConfiguration;
			buildSettings = {
				ASSETCATALOG_COMPILER_APPICON_NAME = AppIcon;
				DEVELOPMENT_TEAM = JD5VUV7783;
				INFOPLIST_FILE = AlertControllerExample/Info.plist;
				LD_RUNPATH_SEARCH_PATHS = "$(inherited) @executable_path/Frameworks";
				PRODUCT_BUNDLE_IDENTIFIER = com.sunlight4d.SwiftTutorial.AlertControllerExample;
				PRODUCT_NAME = "$(TARGET_NAME)";
				SWIFT_VERSION = 4.0;
				TARGETED_DEVICE_FAMILY = "1,2";
			};
			name = Release;
		};
/* End XCBuildConfiguration section */

/* Begin XCConfigurationList section */
		FABF52D91F45D112006964FC /* Build configuration list for PBXProject "AlertControllerExample" */ = {
			isa = XCConfigurationList;
			buildConfigurations = (
				FABF52EE1F45D112006964FC /* Debug */,
				FABF52EF1F45D112006964FC /* Release */,
			);
			defaultConfigurationIsVisible = 0;
			defaultConfigurationName = Release;
		};
		FABF52F01F45D112006964FC /* Build configuration list for PBXNativeTarget "AlertControllerExample" */ = {
			isa = XCConfigurationList;
			buildConfigurations = (
				FABF52F11F45D112006964FC /* Debug */,
				FABF52F21F45D112006964FC /* Release */,
			);
			defaultConfigurationIsVisible = 0;
			defaultConfigurationName = Release;
		};
/* End XCConfigurationList section */
	};
	rootObject = FABF52D61F45D112006964FC /* Project object */;
}
